
Microsoft Visual Studio Solution File, Format Version 12.00
# Visual Studio Version 17
VisualStudioVersion = 17.4.33122.133
MinimumVisualStudioVersion = 10.0.40219.1
Project("{FAE04EC0-301F-11D3-BF4B-00C04F79EFBC}") = "LearnAndGrow.WPF", "WPF app\LearnAndGrow.WPF.csproj", "{D59CF734-6ED1-4076-B634-8CA1B05929B6}"
EndProject
Project("{9A19103F-16F7-4668-BE54-9A1E7A4F7556}") = "VocabularyWebAPI", "WEB API\VocabularyWebService\VocabularyWebAPI.csproj", "{0E25A18C-5D6F-430D-8819-A6470CEE88FA}"
EndProject
Project("{9A19103F-16F7-4668-BE54-9A1E7A4F7556}") = "Repository.WEB", "WEB API\Repository\Repository.WEB.csproj", "{9CE21359-E102-47B1-95E9-86CCFF8710CE}"
EndProject
Project("{9A19103F-16F7-4668-BE54-9A1E7A4F7556}") = "Entities.WEB", "WEB API\Entities\Entities.WEB.csproj", "{3A3CA24A-23A9-4DCF-9DC4-3E1FC720319A}"
EndProject
Project("{9A19103F-16F7-4668-BE54-9A1E7A4F7556}") = "Contracts.WEB", "WEB API\Contracts\Contracts.WEB.csproj", "{FF800E70-0B6A-4ABE-8120-5308769B8CC2}"
EndProject
Global
	GlobalSection(SolutionConfigurationPlatforms) = preSolution
		Debug|Any CPU = Debug|Any CPU
		Release|Any CPU = Release|Any CPU
	EndGlobalSection
	GlobalSection(ProjectConfigurationPlatforms) = postSolution
		{D59CF734-6ED1-4076-B634-8CA1B05929B6}.Debug|Any CPU.ActiveCfg = Debug|Any CPU
		{D59CF734-6ED1-4076-B634-8CA1B05929B6}.Debug|Any CPU.Build.0 = Debug|Any CPU
		{D59CF734-6ED1-4076-B634-8CA1B05929B6}.Release|Any CPU.ActiveCfg = Release|Any CPU
		{D59CF734-6ED1-4076-B634-8CA1B05929B6}.Release|Any CPU.Build.0 = Release|Any CPU
		{0E25A18C-5D6F-430D-8819-A6470CEE88FA}.Debug|Any CPU.ActiveCfg = Debug|Any CPU
		{0E25A18C-5D6F-430D-8819-A6470CEE88FA}.Debug|Any CPU.Build.0 = Debug|Any CPU
		{0E25A18C-5D6F-430D-8819-A6470CEE88FA}.Release|Any CPU.ActiveCfg = Release|Any CPU
		{0E25A18C-5D6F-430D-8819-A6470CEE88FA}.Release|Any CPU.Build.0 = Release|Any CPU
		{9CE21359-E102-47B1-95E9-86CCFF8710CE}.Debug|Any CPU.ActiveCfg = Debug|Any CPU
		{9CE21359-E102-47B1-95E9-86CCFF8710CE}.Debug|Any CPU.Build.0 = Debug|Any CPU
		{9CE21359-E102-47B1-95E9-86CCFF8710CE}.Release|Any CPU.ActiveCfg = Release|Any CPU
		{9CE21359-E102-47B1-95E9-86CCFF8710CE}.Release|Any CPU.Build.0 = Release|Any CPU
		{3A3CA24A-23A9-4DCF-9DC4-3E1FC720319A}.Debug|Any CPU.ActiveCfg = Debug|Any CPU
		{3A3CA24A-23A9-4DCF-9DC4-3E1FC720319A}.Debug|Any CPU.Build.0 = Debug|Any CPU
		{3A3CA24A-23A9-4DCF-9DC4-3E1FC720319A}.Release|Any CPU.ActiveCfg = Release|Any CPU
		{3A3CA24A-23A9-4DCF-9DC4-3E1FC720319A}.Release|Any CPU.Build.0 = Release|Any CPU
		{FF800E70-0B6A-4ABE-8120-5308769B8CC2}.Debug|Any CPU.ActiveCfg = Debug|Any CPU
		{FF800E70-0B6A-4ABE-8120-5308769B8CC2}.Debug|Any CPU.Build.0 = Debug|Any CPU
		{FF800E70-0B6A-4ABE-8120-5308769B8CC2}.Release|Any CPU.ActiveCfg = Release|Any CPU
		{FF800E70-0B6A-4ABE-8120-5308769B8CC2}.Release|Any CPU.Build.0 = Release|Any CPU
	EndGlobalSection
	GlobalSection(SolutionProperties) = preSolution
		HideSolutionNode = FALSE
	EndGlobalSection
	GlobalSection(ExtensibilityGlobals) = postSolution
		SolutionGuid = {FF6CB9C4-C95D-488B-BC0F-D36B8B29EEB9}
	EndGlobalSection
EndGlobal
